
Microsoft Visual Studio Solution File, Format Version 12.00
# Visual Studio Version 17
VisualStudioVersion = 17.5.002.0
MinimumVisualStudioVersion = 10.0.40219.1
Project("{2150E333-8FDC-42A3-9474-1A3956D46DE8}") = "src", "src", "{82A38F12-F2C3-43FE-8726-24B0A9E52BD1}"
EndProject
Project("{9A19103F-16F7-4668-BE54-9A1E7A4F7556}") = "Todo.Api", "src\api2\Todo.Api.csproj", "{F63FAD6D-C2C8-4E07-8F22-5931470C2D4A}"
EndProject
Project("{9A19103F-16F7-4668-BE54-9A1E7A4F7556}") = "api", "src\api\api.csproj", "{F79D19EE-FC40-44EC-BE74-8AEFD1F5B482}"
EndProject
Global
	GlobalSection(SolutionConfigurationPlatforms) = preSolution
		Debug|Any CPU = Debug|Any CPU
		Release|Any CPU = Release|Any CPU
	EndGlobalSection
	GlobalSection(ProjectConfigurationPlatforms) = postSolution
		{F63FAD6D-C2C8-4E07-8F22-5931470C2D4A}.Debug|Any CPU.ActiveCfg = Debug|Any CPU
		{F63FAD6D-C2C8-4E07-8F22-5931470C2D4A}.Debug|Any CPU.Build.0 = Debug|Any CPU
		{F63FAD6D-C2C8-4E07-8F22-5931470C2D4A}.Release|Any CPU.ActiveCfg = Release|Any CPU
		{F63FAD6D-C2C8-4E07-8F22-5931470C2D4A}.Release|Any CPU.Build.0 = Release|Any CPU
		{F79D19EE-FC40-44EC-BE74-8AEFD1F5B482}.Debug|Any CPU.ActiveCfg = Debug|Any CPU
		{F79D19EE-FC40-44EC-BE74-8AEFD1F5B482}.Debug|Any CPU.Build.0 = Debug|Any CPU
		{F79D19EE-FC40-44EC-BE74-8AEFD1F5B482}.Release|Any CPU.ActiveCfg = Release|Any CPU
		{F79D19EE-FC40-44EC-BE74-8AEFD1F5B482}.Release|Any CPU.Build.0 = Release|Any CPU
	EndGlobalSection
	GlobalSection(SolutionProperties) = preSolution
		HideSolutionNode = FALSE
	EndGlobalSection
	GlobalSection(NestedProjects) = preSolution
		{F63FAD6D-C2C8-4E07-8F22-5931470C2D4A} = {82A38F12-F2C3-43FE-8726-24B0A9E52BD1}
		{F79D19EE-FC40-44EC-BE74-8AEFD1F5B482} = {82A38F12-F2C3-43FE-8726-24B0A9E52BD1}
	EndGlobalSection
	GlobalSection(ExtensibilityGlobals) = postSolution
		SolutionGuid = {645AC223-329B-422E-BF3C-4B0BCCA998C8}
	EndGlobalSection
EndGlobal
